
Microsoft Visual Studio Solution File, Format Version 12.00
# Visual Studio Version 16
VisualStudioVersion = 16.0.31321.278
MinimumVisualStudioVersion = 10.0.40219.1
Project("{FAE04EC0-301F-11D3-BF4B-00C04F79EFBC}") = "BlazorAzureAD", "BlazorAzureAD.csproj", "{61AABF3F-CD42-4210-A118-B39DDC502196}"
EndProject
Global
	GlobalSection(SolutionConfigurationPlatforms) = preSolution
		Debug|Any CPU = Debug|Any CPU
		Release|Any CPU = Release|Any CPU
	EndGlobalSection
	GlobalSection(ProjectConfigurationPlatforms) = postSolution
		{61AABF3F-CD42-4210-A118-B39DDC502196}.Debug|Any CPU.ActiveCfg = Debug|Any CPU
		{61AABF3F-CD42-4210-A118-B39DDC502196}.Debug|Any CPU.Build.0 = Debug|Any CPU
		{61AABF3F-CD42-4210-A118-B39DDC502196}.Release|Any CPU.ActiveCfg = Release|Any CPU
		{61AABF3F-CD42-4210-A118-B39DDC502196}.Release|Any CPU.Build.0 = Release|Any CPU
	EndGlobalSection
	GlobalSection(SolutionProperties) = preSolution
		HideSolutionNode = FALSE
	EndGlobalSection
	GlobalSection(ExtensibilityGlobals) = postSolution
		SolutionGuid = {C195EBEC-C4C5-4834-A8B7-EF76ACD3917A}
	EndGlobalSection
EndGlobal
