
Microsoft Visual Studio Solution File, Format Version 12.00
# Visual Studio Version 16
VisualStudioVersion = 16.0.31321.278
MinimumVisualStudioVersion = 10.0.40219.1
Project("{FAE04EC0-301F-11D3-BF4B-00C04F79EFBC}") = "AzureFunctions", "AzureFunctions.csproj", "{53C2E0DE-2379-43FA-B8FF-C7D252FEC562}"
EndProject
Project("{FAE04EC0-301F-11D3-BF4B-00C04F79EFBC}") = "ConsoleDevice", "..\ConsoleDevice\ConsoleDevice.csproj", "{004BE041-78EA-44DF-B705-0B555038F24D}"
EndProject
Global
	GlobalSection(SolutionConfigurationPlatforms) = preSolution
		Debug|Any CPU = Debug|Any CPU
		Release|Any CPU = Release|Any CPU
	EndGlobalSection
	GlobalSection(ProjectConfigurationPlatforms) = postSolution
		{53C2E0DE-2379-43FA-B8FF-C7D252FEC562}.Debug|Any CPU.ActiveCfg = Debug|Any CPU
		{53C2E0DE-2379-43FA-B8FF-C7D252FEC562}.Debug|Any CPU.Build.0 = Debug|Any CPU
		{53C2E0DE-2379-43FA-B8FF-C7D252FEC562}.Release|Any CPU.ActiveCfg = Release|Any CPU
		{53C2E0DE-2379-43FA-B8FF-C7D252FEC562}.Release|Any CPU.Build.0 = Release|Any CPU
		{004BE041-78EA-44DF-B705-0B555038F24D}.Debug|Any CPU.ActiveCfg = Debug|Any CPU
		{004BE041-78EA-44DF-B705-0B555038F24D}.Debug|Any CPU.Build.0 = Debug|Any CPU
		{004BE041-78EA-44DF-B705-0B555038F24D}.Release|Any CPU.ActiveCfg = Release|Any CPU
		{004BE041-78EA-44DF-B705-0B555038F24D}.Release|Any CPU.Build.0 = Release|Any CPU
	EndGlobalSection
	GlobalSection(SolutionProperties) = preSolution
		HideSolutionNode = FALSE
	EndGlobalSection
	GlobalSection(ExtensibilityGlobals) = postSolution
		SolutionGuid = {8C619684-B7CF-43DD-A7AE-80013C1E17F9}
	EndGlobalSection
EndGlobal
