
Microsoft Visual Studio Solution File, Format Version 12.00
# Visual Studio Version 16
VisualStudioVersion = 16.0.31321.278
MinimumVisualStudioVersion = 10.0.40219.1
Project("{FAE04EC0-301F-11D3-BF4B-00C04F79EFBC}") = "ManagementCentral", "ManagementCentral.csproj", "{A9A1CB55-84B7-47DC-B4FA-169E880823D0}"
EndProject
Global
	GlobalSection(SolutionConfigurationPlatforms) = preSolution
		Debug|Any CPU = Debug|Any CPU
		Release|Any CPU = Release|Any CPU
	EndGlobalSection
	GlobalSection(ProjectConfigurationPlatforms) = postSolution
		{A9A1CB55-84B7-47DC-B4FA-169E880823D0}.Debug|Any CPU.ActiveCfg = Debug|Any CPU
		{A9A1CB55-84B7-47DC-B4FA-169E880823D0}.Debug|Any CPU.Build.0 = Debug|Any CPU
		{A9A1CB55-84B7-47DC-B4FA-169E880823D0}.Release|Any CPU.ActiveCfg = Release|Any CPU
		{A9A1CB55-84B7-47DC-B4FA-169E880823D0}.Release|Any CPU.Build.0 = Release|Any CPU
	EndGlobalSection
	GlobalSection(SolutionProperties) = preSolution
		HideSolutionNode = FALSE
	EndGlobalSection
	GlobalSection(ExtensibilityGlobals) = postSolution
		SolutionGuid = {E71FE489-1124-4D49-9B06-FDD4CD44B1DE}
	EndGlobalSection
EndGlobal
