
Microsoft Visual Studio Solution File, Format Version 12.00
# Visual Studio Version 16
VisualStudioVersion = 16.0.31321.278
MinimumVisualStudioVersion = 10.0.40219.1
Project("{FAE04EC0-301F-11D3-BF4B-00C04F79EFBC}") = "AzureFunctions", "AzureFunctions.csproj", "{1F4DD6DD-4495-4D54-B2CE-61046B9DA1B6}"
EndProject
Global
	GlobalSection(SolutionConfigurationPlatforms) = preSolution
		Debug|Any CPU = Debug|Any CPU
		Release|Any CPU = Release|Any CPU
	EndGlobalSection
	GlobalSection(ProjectConfigurationPlatforms) = postSolution
		{1F4DD6DD-4495-4D54-B2CE-61046B9DA1B6}.Debug|Any CPU.ActiveCfg = Debug|Any CPU
		{1F4DD6DD-4495-4D54-B2CE-61046B9DA1B6}.Debug|Any CPU.Build.0 = Debug|Any CPU
		{1F4DD6DD-4495-4D54-B2CE-61046B9DA1B6}.Release|Any CPU.ActiveCfg = Release|Any CPU
		{1F4DD6DD-4495-4D54-B2CE-61046B9DA1B6}.Release|Any CPU.Build.0 = Release|Any CPU
	EndGlobalSection
	GlobalSection(SolutionProperties) = preSolution
		HideSolutionNode = FALSE
	EndGlobalSection
	GlobalSection(ExtensibilityGlobals) = postSolution
		SolutionGuid = {C6BED5AB-0A2C-4CE2-A6AE-6E5DD66EE315}
	EndGlobalSection
EndGlobal
