
Microsoft Visual Studio Solution File, Format Version 12.00
# Visual Studio Version 16
VisualStudioVersion = 16.0.31321.278
MinimumVisualStudioVersion = 10.0.40219.1
Project("{FAE04EC0-301F-11D3-BF4B-00C04F79EFBC}") = "BlazorAzureB2C", "BlazorAzureB2C.csproj", "{43FA3E56-D1D3-49B0-99BD-7E35D4F351AD}"
EndProject
Global
	GlobalSection(SolutionConfigurationPlatforms) = preSolution
		Debug|Any CPU = Debug|Any CPU
		Release|Any CPU = Release|Any CPU
	EndGlobalSection
	GlobalSection(ProjectConfigurationPlatforms) = postSolution
		{43FA3E56-D1D3-49B0-99BD-7E35D4F351AD}.Debug|Any CPU.ActiveCfg = Debug|Any CPU
		{43FA3E56-D1D3-49B0-99BD-7E35D4F351AD}.Debug|Any CPU.Build.0 = Debug|Any CPU
		{43FA3E56-D1D3-49B0-99BD-7E35D4F351AD}.Release|Any CPU.ActiveCfg = Release|Any CPU
		{43FA3E56-D1D3-49B0-99BD-7E35D4F351AD}.Release|Any CPU.Build.0 = Release|Any CPU
	EndGlobalSection
	GlobalSection(SolutionProperties) = preSolution
		HideSolutionNode = FALSE
	EndGlobalSection
	GlobalSection(ExtensibilityGlobals) = postSolution
		SolutionGuid = {D255E645-72BF-40D1-810E-760D7879E1EE}
	EndGlobalSection
EndGlobal
